// !$*UTF8*$!
{
	archiveVersion = 1;
	classes = {
	};
	objectVersion = 46;
	objects = {

/* Begin PBXBuildFile section */
		5180E8AF1D4BA73F0041E129 /* AppDelegate.swift in Sources */ = {isa = PBXBuildFile; fileRef = 5180E8AE1D4BA73F0041E129 /* AppDelegate.swift */; };
		5180E8B11D4BA73F0041E129 /* ViewController.swift in Sources */ = {isa = PBXBuildFile; fileRef = 5180E8B01D4BA73F0041E129 /* ViewController.swift */; };
		5180E8B41D4BA73F0041E129 /* Main.storyboard in Resources */ = {isa = PBXBuildFile; fileRef = 5180E8B21D4BA73F0041E129 /* Main.storyboard */; };
		5180E8B61D4BA73F0041E129 /* Assets.xcassets in Resources */ = {isa = PBXBuildFile; fileRef = 5180E8B51D4BA73F0041E129 /* Assets.xcassets */; };
		5180E8B91D4BA73F0041E129 /* LaunchScreen.storyboard in Resources */ = {isa = PBXBuildFile; fileRef = 5180E8B71D4BA73F0041E129 /* LaunchScreen.storyboard */; };
		5180E8C11D4BA80A0041E129 /* Guest.swift in Sources */ = {isa = PBXBuildFile; fileRef = 5180E8C01D4BA80A0041E129 /* Guest.swift */; };
		5180E8C31D4BAC8E0041E129 /* SecondController.swift in Sources */ = {isa = PBXBuildFile; fileRef = 5180E8C21D4BAC8E0041E129 /* SecondController.swift */; };
		5180E8C51D4BB3CD0041E129 /* PropertiesControllerViewController.swift in Sources */ = {isa = PBXBuildFile; fileRef = 5180E8C41D4BB3CD0041E129 /* PropertiesControllerViewController.swift */; };
/* End PBXBuildFile section */

/* Begin PBXFileReference section */
		5180E8AB1D4BA73F0041E129 /* Tabs.app */ = {isa = PBXFileReference; explicitFileType = wrapper.application; includeInIndex = 0; path = Tabs.app; sourceTree = BUILT_PRODUCTS_DIR; };
		5180E8AE1D4BA73F0041E129 /* AppDelegate.swift */ = {isa = PBXFileReference; lastKnownFileType = sourcecode.swift; path = AppDelegate.swift; sourceTree = "<group>"; };
		5180E8B01D4BA73F0041E129 /* ViewController.swift */ = {isa = PBXFileReference; lastKnownFileType = sourcecode.swift; path = ViewController.swift; sourceTree = "<group>"; };
		5180E8B31D4BA73F0041E129 /* Base */ = {isa = PBXFileReference; lastKnownFileType = file.storyboard; name = Base; path = Base.lproj/Main.storyboard; sourceTree = "<group>"; };
		5180E8B51D4BA73F0041E129 /* Assets.xcassets */ = {isa = PBXFileReference; lastKnownFileType = folder.assetcatalog; path = Assets.xcassets; sourceTree = "<group>"; };
		5180E8B81D4BA73F0041E129 /* Base */ = {isa = PBXFileReference; lastKnownFileType = file.storyboard; name = Base; path = Base.lproj/LaunchScreen.storyboard; sourceTree = "<group>"; };
		5180E8BA1D4BA73F0041E129 /* Info.plist */ = {isa = PBXFileReference; lastKnownFileType = text.plist.xml; path = Info.plist; sourceTree = "<group>"; };
		5180E8C01D4BA80A0041E129 /* Guest.swift */ = {isa = PBXFileReference; fileEncoding = 4; lastKnownFileType = sourcecode.swift; path = Guest.swift; sourceTree = "<group>"; };
		5180E8C21D4BAC8E0041E129 /* SecondController.swift */ = {isa = PBXFileReference; fileEncoding = 4; lastKnownFileType = sourcecode.swift; path = SecondController.swift; sourceTree = "<group>"; };
		5180E8C41D4BB3CD0041E129 /* PropertiesControllerViewController.swift */ = {isa = PBXFileReference; fileEncoding = 4; lastKnownFileType = sourcecode.swift; path = PropertiesControllerViewController.swift; sourceTree = "<group>"; };
/* End PBXFileReference section */

/* Begin PBXFrameworksBuildPhase section */
		5180E8A81D4BA73F0041E129 /* Frameworks */ = {
			isa = PBXFrameworksBuildPhase;
			buildActionMask = 2147483647;
			files = (
			);
			runOnlyForDeploymentPostprocessing = 0;
		};
/* End PBXFrameworksBuildPhase section */

/* Begin PBXGroup section */
		5180E8A21D4BA73F0041E129 = {
			isa = PBXGroup;
			children = (
				5180E8AD1D4BA73F0041E129 /* Tabs */,
				5180E8AC1D4BA73F0041E129 /* Products */,
			);
			sourceTree = "<group>";
		};
		5180E8AC1D4BA73F0041E129 /* Products */ = {
			isa = PBXGroup;
			children = (
				5180E8AB1D4BA73F0041E129 /* Tabs.app */,
			);
			name = Products;
			sourceTree = "<group>";
		};
		5180E8AD1D4BA73F0041E129 /* Tabs */ = {
			isa = PBXGroup;
			children = (
				5180E8AE1D4BA73F0041E129 /* AppDelegate.swift */,
				5180E8B01D4BA73F0041E129 /* ViewController.swift */,
				5180E8C21D4BAC8E0041E129 /* SecondController.swift */,
				5180E8C41D4BB3CD0041E129 /* PropertiesControllerViewController.swift */,
				5180E8C01D4BA80A0041E129 /* Guest.swift */,
				5180E8B21D4BA73F0041E129 /* Main.storyboard */,
				5180E8B51D4BA73F0041E129 /* Assets.xcassets */,
				5180E8B71D4BA73F0041E129 /* LaunchScreen.storyboard */,
				5180E8BA1D4BA73F0041E129 /* Info.plist */,
			);
			path = Tabs;
			sourceTree = "<group>";
		};
/* End PBXGroup section */

/* Begin PBXNativeTarget section */
		5180E8AA1D4BA73F0041E129 /* Tabs */ = {
			isa = PBXNativeTarget;
			buildConfigurationList = 5180E8BD1D4BA73F0041E129 /* Build configuration list for PBXNativeTarget "Tabs" */;
			buildPhases = (
				5180E8A71D4BA73F0041E129 /* Sources */,
				5180E8A81D4BA73F0041E129 /* Frameworks */,
				5180E8A91D4BA73F0041E129 /* Resources */,
			);
			buildRules = (
			);
			dependencies = (
			);
			name = Tabs;
			productName = Tabs;
			productReference = 5180E8AB1D4BA73F0041E129 /* Tabs.app */;
			productType = "com.apple.product-type.application";
		};
/* End PBXNativeTarget section */

/* Begin PBXProject section */
		5180E8A31D4BA73F0041E129 /* Project object */ = {
			isa = PBXProject;
			attributes = {
				LastSwiftUpdateCheck = 0730;
				LastUpgradeCheck = 0730;
				ORGANIZATIONNAME = Disney;
				TargetAttributes = {
					5180E8AA1D4BA73F0041E129 = {
						CreatedOnToolsVersion = 7.3.1;
						DevelopmentTeam = 546CU6M398;
					};
				};
			};
			buildConfigurationList = 5180E8A61D4BA73F0041E129 /* Build configuration list for PBXProject "Tabs" */;
			compatibilityVersion = "Xcode 3.2";
			developmentRegion = English;
			hasScannedForEncodings = 0;
			knownRegions = (
				en,
				Base,
			);
			mainGroup = 5180E8A21D4BA73F0041E129;
			productRefGroup = 5180E8AC1D4BA73F0041E129 /* Products */;
			projectDirPath = "";
			projectRoot = "";
			targets = (
				5180E8AA1D4BA73F0041E129 /* Tabs */,
			);
		};
/* End PBXProject section */

/* Begin PBXResourcesBuildPhase section */
		5180E8A91D4BA73F0041E129 /* Resources */ = {
			isa = PBXResourcesBuildPhase;
			buildActionMask = 2147483647;
			files = (
				5180E8B91D4BA73F0041E129 /* LaunchScreen.storyboard in Resources */,
				5180E8B61D4BA73F0041E129 /* Assets.xcassets in Resources */,
				5180E8B41D4BA73F0041E129 /* Main.storyboard in Resources */,
			);
			runOnlyForDeploymentPostprocessing = 0;
		};
/* End PBXResourcesBuildPhase section */

/* Begin PBXSourcesBuildPhase section */
		5180E8A71D4BA73F0041E129 /* Sources */ = {
			isa = PBXSourcesBuildPhase;
			buildActionMask = 2147483647;
			files = (
				5180E8B11D4BA73F0041E129 /* ViewController.swift in Sources */,
				5180E8C31D4BAC8E0041E129 /* SecondController.swift in Sources */,
				5180E8AF1D4BA73F0041E129 /* AppDelegate.swift in Sources */,
				5180E8C11D4BA80A0041E129 /* Guest.swift in Sources */,
				5180E8C51D4BB3CD0041E129 /* PropertiesControllerViewController.swift in Sources */,
			);
			runOnlyForDeploymentPostprocessing = 0;
		};
/* End PBXSourcesBuildPhase section */

/* Begin PBXVariantGroup section */
		5180E8B21D4BA73F0041E129 /* Main.storyboard */ = {
			isa = PBXVariantGroup;
			children = (
				5180E8B31D4BA73F0041E129 /* Base */,
			);
			name = Main.storyboard;
			sourceTree = "<group>";
		};
		5180E8B71D4BA73F0041E129 /* LaunchScreen.storyboard */ = {
			isa = PBXVariantGroup;
			children = (
				5180E8B81D4BA73F0041E129 /* Base */,
			);
			name = LaunchScreen.storyboard;
			sourceTree = "<group>";
		};
/* End PBXVariantGroup section */

/* Begin XCBuildConfiguration section */
		5180E8BB1D4BA73F0041E129 /* Debug */ = {
			isa = XCBuildConfiguration;
			buildSettings = {
				ALWAYS_SEARCH_USER_PATHS = NO;
				CLANG_ANALYZER_NONNULL = YES;
				CLANG_CXX_LANGUAGE_STANDARD = "gnu++0x";
				CLANG_CXX_LIBRARY = "libc++";
				CLANG_ENABLE_MODULES = YES;
				CLANG_ENABLE_OBJC_ARC = YES;
				CLANG_WARN_BOOL_CONVERSION = YES;
				CLANG_WARN_CONSTANT_CONVERSION = YES;
				CLANG_WARN_DIRECT_OBJC_ISA_USAGE = YES_ERROR;
				CLANG_WARN_EMPTY_BODY = YES;
				CLANG_WARN_ENUM_CONVERSION = YES;
				CLANG_WARN_INT_CONVERSION = YES;
				CLANG_WARN_OBJC_ROOT_CLASS = YES_ERROR;
				CLANG_WARN_UNREACHABLE_CODE = YES;
				CLANG_WARN__DUPLICATE_METHOD_MATCH = YES;
				"CODE_SIGN_IDENTITY[sdk=iphoneos*]" = "iPhone Developer";
				COPY_PHASE_STRIP = NO;
				DEBUG_INFORMATION_FORMAT = dwarf;
				ENABLE_STRICT_OBJC_MSGSEND = YES;
				ENABLE_TESTABILITY = YES;
				GCC_C_LANGUAGE_STANDARD = gnu99;
				GCC_DYNAMIC_NO_PIC = NO;
				GCC_NO_COMMON_BLOCKS = YES;
				GCC_OPTIMIZATION_LEVEL = 0;
				GCC_PREPROCESSOR_DEFINITIONS = (
					"DEBUG=1",
					"$(inherited)",
				);
				GCC_WARN_64_TO_32_BIT_CONVERSION = YES;
				GCC_WARN_ABOUT_RETURN_TYPE = YES_ERROR;
				GCC_WARN_UNDECLARED_SELECTOR = YES;
				GCC_WARN_UNINITIALIZED_AUTOS = YES_AGGRESSIVE;
				GCC_WARN_UNUSED_FUNCTION = YES;
				GCC_WARN_UNUSED_VARIABLE = YES;
				IPHONEOS_DEPLOYMENT_TARGET = 9.3;
				MTL_ENABLE_DEBUG_INFO = YES;
				ONLY_ACTIVE_ARCH = YES;
				SDKROOT = iphoneos;
				SWIFT_OPTIMIZATION_LEVEL = "-Onone";
				TARGETED_DEVICE_FAMILY = "1,2";
			};
			name = Debug;
		};
		5180E8BC1D4BA73F0041E129 /* Release */ = {
			isa = XCBuildConfiguration;
			buildSettings = {
				ALWAYS_SEARCH_USER_PATHS = NO;
				CLANG_ANALYZER_NONNULL = YES;
				CLANG_CXX_LANGUAGE_STANDARD = "gnu++0x";
				CLANG_CXX_LIBRARY = "libc++";
				CLANG_ENABLE_MODULES = YES;
				CLANG_ENABLE_OBJC_ARC = YES;
				CLANG_WARN_BOOL_CONVERSION = YES;
				CLANG_WARN_CONSTANT_CONVERSION = YES;
				CLANG_WARN_DIRECT_OBJC_ISA_USAGE = YES_ERROR;
				CLANG_WARN_EMPTY_BODY = YES;
				CLANG_WARN_ENUM_CONVERSION = YES;
				CLANG_WARN_INT_CONVERSION = YES;
				CLANG_WARN_OBJC_ROOT_CLASS = YES_ERROR;
				CLANG_WARN_UNREACHABLE_CODE = YES;
				CLANG_WARN__DUPLICATE_METHOD_MATCH = YES;
				"CODE_SIGN_IDENTITY[sdk=iphoneos*]" = "iPhone Developer";
				COPY_PHASE_STRIP = NO;
				DEBUG_INFORMATION_FORMAT = "dwarf-with-dsym";
				ENABLE_NS_ASSERTIONS = NO;
				ENABLE_STRICT_OBJC_MSGSEND = YES;
				GCC_C_LANGUAGE_STANDARD = gnu99;
				GCC_NO_COMMON_BLOCKS = YES;
				GCC_WARN_64_TO_32_BIT_CONVERSION = YES;
				GCC_WARN_ABOUT_RETURN_TYPE = YES_ERROR;
				GCC_WARN_UNDECLARED_SELECTOR = YES;
				GCC_WARN_UNINITIALIZED_AUTOS = YES_AGGRESSIVE;
				GCC_WARN_UNUSED_FUNCTION = YES;
				GCC_WARN_UNUSED_VARIABLE = YES;
				IPHONEOS_DEPLOYMENT_TARGET = 9.3;
				MTL_ENABLE_DEBUG_INFO = NO;
				SDKROOT = iphoneos;
				TARGETED_DEVICE_FAMILY = "1,2";
				VALIDATE_PRODUCT = YES;
			};
			name = Release;
		};
		5180E8BE1D4BA73F0041E129 /* Debug */ = {
			isa = XCBuildConfiguration;
			buildSettings = {
				ASSETCATALOG_COMPILER_APPICON_NAME = AppIcon;
				CODE_SIGN_IDENTITY = "iPhone Developer";
				"CODE_SIGN_IDENTITY[sdk=iphoneos*]" = "iPhone Developer";
				INFOPLIST_FILE = Tabs/Info.plist;
				LD_RUNPATH_SEARCH_PATHS = "$(inherited) @executable_path/Frameworks";
				PRODUCT_BUNDLE_IDENTIFIER = com.disney.Tabs;
				PRODUCT_NAME = "$(TARGET_NAME)";
				PROVISIONING_PROFILE = "";
			};
			name = Debug;
		};
		5180E8BF1D4BA73F0041E129 /* Release */ = {
			isa = XCBuildConfiguration;
			buildSettings = {
				ASSETCATALOG_COMPILER_APPICON_NAME = AppIcon;
				CODE_SIGN_IDENTITY = "iPhone Developer";
				"CODE_SIGN_IDENTITY[sdk=iphoneos*]" = "iPhone Developer";
				INFOPLIST_FILE = Tabs/Info.plist;
				LD_RUNPATH_SEARCH_PATHS = "$(inherited) @executable_path/Frameworks";
				PRODUCT_BUNDLE_IDENTIFIER = com.disney.Tabs;
				PRODUCT_NAME = "$(TARGET_NAME)";
				PROVISIONING_PROFILE = "";
			};
			name = Release;
		};
/* End XCBuildConfiguration section */

/* Begin XCConfigurationList section */
		5180E8A61D4BA73F0041E129 /* Build configuration list for PBXProject "Tabs" */ = {
			isa = XCConfigurationList;
			buildConfigurations = (
				5180E8BB1D4BA73F0041E129 /* Debug */,
				5180E8BC1D4BA73F0041E129 /* Release */,
			);
			defaultConfigurationIsVisible = 0;
			defaultConfigurationName = Release;
		};
		5180E8BD1D4BA73F0041E129 /* Build configuration list for PBXNativeTarget "Tabs" */ = {
			isa = XCConfigurationList;
			buildConfigurations = (
				5180E8BE1D4BA73F0041E129 /* Debug */,
				5180E8BF1D4BA73F0041E129 /* Release */,
			);
			defaultConfigurationIsVisible = 0;
			defaultConfigurationName = Release;
		};
/* End XCConfigurationList section */
	};
	rootObject = 5180E8A31D4BA73F0041E129 /* Project object */;
}
